
Microsoft Visual Studio Solution File, Format Version 12.00
# Visual Studio Version 16
VisualStudioVersion = 16.0.29215.179
MinimumVisualStudioVersion = 10.0.40219.1
Project("{FAE04EC0-301F-11D3-BF4B-00C04F79EFBC}") = "FunctionToTest TestProject", "FunctionToTest TestProject\FunctionToTest TestProject.csproj", "{544E39D6-108B-447A-8C77-151E48704F9D}"
EndProject
Project("{FAE04EC0-301F-11D3-BF4B-00C04F79EFBC}") = "ConsoleApp1", "ConsoleApp1\ConsoleApp1.csproj", "{D5797C94-ADC9-416C-8FDE-6A9B4802E38A}"
EndProject
Global
	GlobalSection(SolutionConfigurationPlatforms) = preSolution
		Debug|Any CPU = Debug|Any CPU
		Release|Any CPU = Release|Any CPU
	EndGlobalSection
	GlobalSection(ProjectConfigurationPlatforms) = postSolution
		{544E39D6-108B-447A-8C77-151E48704F9D}.Debug|Any CPU.ActiveCfg = Debug|Any CPU
		{544E39D6-108B-447A-8C77-151E48704F9D}.Debug|Any CPU.Build.0 = Debug|Any CPU
		{544E39D6-108B-447A-8C77-151E48704F9D}.Release|Any CPU.ActiveCfg = Release|Any CPU
		{544E39D6-108B-447A-8C77-151E48704F9D}.Release|Any CPU.Build.0 = Release|Any CPU
		{D5797C94-ADC9-416C-8FDE-6A9B4802E38A}.Debug|Any CPU.ActiveCfg = Debug|Any CPU
		{D5797C94-ADC9-416C-8FDE-6A9B4802E38A}.Debug|Any CPU.Build.0 = Debug|Any CPU
		{D5797C94-ADC9-416C-8FDE-6A9B4802E38A}.Release|Any CPU.ActiveCfg = Release|Any CPU
		{D5797C94-ADC9-416C-8FDE-6A9B4802E38A}.Release|Any CPU.Build.0 = Release|Any CPU
	EndGlobalSection
	GlobalSection(SolutionProperties) = preSolution
		HideSolutionNode = FALSE
	EndGlobalSection
	GlobalSection(ExtensibilityGlobals) = postSolution
		SolutionGuid = {DF3D0080-F693-4DED-B69C-8B4B3285EC36}
	EndGlobalSection
EndGlobal
